// !$*UTF8*$!
{
	archiveVersion = 1;
	classes = {
	};
	objectVersion = 55;
	objects = {

/* Begin PBXBuildFile section */
		EA93327028DAB3C000E359E9 /* InfoDayApp.swift in Sources */ = {isa = PBXBuildFile; fileRef = EA93326F28DAB3C000E359E9 /* InfoDayApp.swift */; };
		EA93327228DAB3C000E359E9 /* ContentView.swift in Sources */ = {isa = PBXBuildFile; fileRef = EA93327128DAB3C000E359E9 /* ContentView.swift */; };
		EA93327428DAB3C100E359E9 /* Assets.xcassets in Resources */ = {isa = PBXBuildFile; fileRef = EA93327328DAB3C100E359E9 /* Assets.xcassets */; };
		EA93327728DAB3C100E359E9 /* Preview Assets.xcassets in Resources */ = {isa = PBXBuildFile; fileRef = EA93327628DAB3C100E359E9 /* Preview Assets.xcassets */; };
		EA93327928DAB3C100E359E9 /* Persistence.swift in Sources */ = {isa = PBXBuildFile; fileRef = EA93327828DAB3C100E359E9 /* Persistence.swift */; };
		EA93327C28DAB3C100E359E9 /* InfoDay.xcdatamodeld in Sources */ = {isa = PBXBuildFile; fileRef = EA93327A28DAB3C100E359E9 /* InfoDay.xcdatamodeld */; };
		EA93328628DAB3C100E359E9 /* InfoDayTests.swift in Sources */ = {isa = PBXBuildFile; fileRef = EA93328528DAB3C100E359E9 /* InfoDayTests.swift */; };
		EA93329028DAB3C100E359E9 /* InfoDayUITests.swift in Sources */ = {isa = PBXBuildFile; fileRef = EA93328F28DAB3C100E359E9 /* InfoDayUITests.swift */; };
		EA93329228DAB3C100E359E9 /* InfoDayUITestsLaunchTests.swift in Sources */ = {isa = PBXBuildFile; fileRef = EA93329128DAB3C100E359E9 /* InfoDayUITestsLaunchTests.swift */; };
/* End PBXBuildFile section */

/* Begin PBXContainerItemProxy section */
		EA93328228DAB3C100E359E9 /* PBXContainerItemProxy */ = {
			isa = PBXContainerItemProxy;
			containerPortal = EA93326428DAB3C000E359E9 /* Project object */;
			proxyType = 1;
			remoteGlobalIDString = EA93326B28DAB3C000E359E9;
			remoteInfo = InfoDay;
		};
		EA93328C28DAB3C100E359E9 /* PBXContainerItemProxy */ = {
			isa = PBXContainerItemProxy;
			containerPortal = EA93326428DAB3C000E359E9 /* Project object */;
			proxyType = 1;
			remoteGlobalIDString = EA93326B28DAB3C000E359E9;
			remoteInfo = InfoDay;
		};
/* End PBXContainerItemProxy section */

/* Begin PBXFileReference section */
		EA93326C28DAB3C000E359E9 /* InfoDay.app */ = {isa = PBXFileReference; explicitFileType = wrapper.application; includeInIndex = 0; path = InfoDay.app; sourceTree = BUILT_PRODUCTS_DIR; };
		EA93326F28DAB3C000E359E9 /* InfoDayApp.swift */ = {isa = PBXFileReference; lastKnownFileType = sourcecode.swift; path = InfoDayApp.swift; sourceTree = "<group>"; };
		EA93327128DAB3C000E359E9 /* ContentView.swift */ = {isa = PBXFileReference; lastKnownFileType = sourcecode.swift; path = ContentView.swift; sourceTree = "<group>"; };
		EA93327328DAB3C100E359E9 /* Assets.xcassets */ = {isa = PBXFileReference; lastKnownFileType = folder.assetcatalog; path = Assets.xcassets; sourceTree = "<group>"; };
		EA93327628DAB3C100E359E9 /* Preview Assets.xcassets */ = {isa = PBXFileReference; lastKnownFileType = folder.assetcatalog; path = "Preview Assets.xcassets"; sourceTree = "<group>"; };
		EA93327828DAB3C100E359E9 /* Persistence.swift */ = {isa = PBXFileReference; lastKnownFileType = sourcecode.swift; path = Persistence.swift; sourceTree = "<group>"; };
		EA93327B28DAB3C100E359E9 /* InfoDay.xcdatamodel */ = {isa = PBXFileReference; lastKnownFileType = wrapper.xcdatamodel; path = InfoDay.xcdatamodel; sourceTree = "<group>"; };
		EA93328128DAB3C100E359E9 /* InfoDayTests.xctest */ = {isa = PBXFileReference; explicitFileType = wrapper.cfbundle; includeInIndex = 0; path = InfoDayTests.xctest; sourceTree = BUILT_PRODUCTS_DIR; };
		EA93328528DAB3C100E359E9 /* InfoDayTests.swift */ = {isa = PBXFileReference; lastKnownFileType = sourcecode.swift; path = InfoDayTests.swift; sourceTree = "<group>"; };
		EA93328B28DAB3C100E359E9 /* InfoDayUITests.xctest */ = {isa = PBXFileReference; explicitFileType = wrapper.cfbundle; includeInIndex = 0; path = InfoDayUITests.xctest; sourceTree = BUILT_PRODUCTS_DIR; };
		EA93328F28DAB3C100E359E9 /* InfoDayUITests.swift */ = {isa = PBXFileReference; lastKnownFileType = sourcecode.swift; path = InfoDayUITests.swift; sourceTree = "<group>"; };
		EA93329128DAB3C100E359E9 /* InfoDayUITestsLaunchTests.swift */ = {isa = PBXFileReference; lastKnownFileType = sourcecode.swift; path = InfoDayUITestsLaunchTests.swift; sourceTree = "<group>"; };
/* End PBXFileReference section */

/* Begin PBXFrameworksBuildPhase section */
		EA93326928DAB3C000E359E9 /* Frameworks */ = {
			isa = PBXFrameworksBuildPhase;
			buildActionMask = 2147483647;
			files = (
			);
			runOnlyForDeploymentPostprocessing = 0;
		};
		EA93327E28DAB3C100E359E9 /* Frameworks */ = {
			isa = PBXFrameworksBuildPhase;
			buildActionMask = 2147483647;
			files = (
			);
			runOnlyForDeploymentPostprocessing = 0;
		};
		EA93328828DAB3C100E359E9 /* Frameworks */ = {
			isa = PBXFrameworksBuildPhase;
			buildActionMask = 2147483647;
			files = (
			);
			runOnlyForDeploymentPostprocessing = 0;
		};
/* End PBXFrameworksBuildPhase section */

/* Begin PBXGroup section */
		EA93326328DAB3C000E359E9 = {
			isa = PBXGroup;
			children = (
				EA93326E28DAB3C000E359E9 /* InfoDay */,
				EA93328428DAB3C100E359E9 /* InfoDayTests */,
				EA93328E28DAB3C100E359E9 /* InfoDayUITests */,
				EA93326D28DAB3C000E359E9 /* Products */,
			);
			sourceTree = "<group>";
		};
		EA93326D28DAB3C000E359E9 /* Products */ = {
			isa = PBXGroup;
			children = (
				EA93326C28DAB3C000E359E9 /* InfoDay.app */,
				EA93328128DAB3C100E359E9 /* InfoDayTests.xctest */,
				EA93328B28DAB3C100E359E9 /* InfoDayUITests.xctest */,
			);
			name = Products;
			sourceTree = "<group>";
		};
		EA93326E28DAB3C000E359E9 /* InfoDay */ = {
			isa = PBXGroup;
			children = (
				EA93326F28DAB3C000E359E9 /* InfoDayApp.swift */,
				EA93327128DAB3C000E359E9 /* ContentView.swift */,
				EA93327328DAB3C100E359E9 /* Assets.xcassets */,
				EA93327828DAB3C100E359E9 /* Persistence.swift */,
				EA93327A28DAB3C100E359E9 /* InfoDay.xcdatamodeld */,
				EA93327528DAB3C100E359E9 /* Preview Content */,
			);
			path = InfoDay;
			sourceTree = "<group>";
		};
		EA93327528DAB3C100E359E9 /* Preview Content */ = {
			isa = PBXGroup;
			children = (
				EA93327628DAB3C100E359E9 /* Preview Assets.xcassets */,
			);
			path = "Preview Content";
			sourceTree = "<group>";
		};
		EA93328428DAB3C100E359E9 /* InfoDayTests */ = {
			isa = PBXGroup;
			children = (
				EA93328528DAB3C100E359E9 /* InfoDayTests.swift */,
			);
			path = InfoDayTests;
			sourceTree = "<group>";
		};
		EA93328E28DAB3C100E359E9 /* InfoDayUITests */ = {
			isa = PBXGroup;
			children = (
				EA93328F28DAB3C100E359E9 /* InfoDayUITests.swift */,
				EA93329128DAB3C100E359E9 /* InfoDayUITestsLaunchTests.swift */,
			);
			path = InfoDayUITests;
			sourceTree = "<group>";
		};
/* End PBXGroup section */

/* Begin PBXNativeTarget section */
		EA93326B28DAB3C000E359E9 /* InfoDay */ = {
			isa = PBXNativeTarget;
			buildConfigurationList = EA93329528DAB3C100E359E9 /* Build configuration list for PBXNativeTarget "InfoDay" */;
			buildPhases = (
				EA93326828DAB3C000E359E9 /* Sources */,
				EA93326928DAB3C000E359E9 /* Frameworks */,
				EA93326A28DAB3C000E359E9 /* Resources */,
			);
			buildRules = (
			);
			dependencies = (
			);
			name = InfoDay;
			productName = InfoDay;
			productReference = EA93326C28DAB3C000E359E9 /* InfoDay.app */;
			productType = "com.apple.product-type.application";
		};
		EA93328028DAB3C100E359E9 /* InfoDayTests */ = {
			isa = PBXNativeTarget;
			buildConfigurationList = EA93329828DAB3C100E359E9 /* Build configuration list for PBXNativeTarget "InfoDayTests" */;
			buildPhases = (
				EA93327D28DAB3C100E359E9 /* Sources */,
				EA93327E28DAB3C100E359E9 /* Frameworks */,
				EA93327F28DAB3C100E359E9 /* Resources */,
			);
			buildRules = (
			);
			dependencies = (
				EA93328328DAB3C100E359E9 /* PBXTargetDependency */,
			);
			name = InfoDayTests;
			productName = InfoDayTests;
			productReference = EA93328128DAB3C100E359E9 /* InfoDayTests.xctest */;
			productType = "com.apple.product-type.bundle.unit-test";
		};
		EA93328A28DAB3C100E359E9 /* InfoDayUITests */ = {
			isa = PBXNativeTarget;
			buildConfigurationList = EA93329B28DAB3C100E359E9 /* Build configuration list for PBXNativeTarget "InfoDayUITests" */;
			buildPhases = (
				EA93328728DAB3C100E359E9 /* Sources */,
				EA93328828DAB3C100E359E9 /* Frameworks */,
				EA93328928DAB3C100E359E9 /* Resources */,
			);
			buildRules = (
			);
			dependencies = (
				EA93328D28DAB3C100E359E9 /* PBXTargetDependency */,
			);
			name = InfoDayUITests;
			productName = InfoDayUITests;
			productReference = EA93328B28DAB3C100E359E9 /* InfoDayUITests.xctest */;
			productType = "com.apple.product-type.bundle.ui-testing";
		};
/* End PBXNativeTarget section */

/* Begin PBXProject section */
		EA93326428DAB3C000E359E9 /* Project object */ = {
			isa = PBXProject;
			attributes = {
				BuildIndependentTargetsInParallel = 1;
				LastSwiftUpdateCheck = 1340;
				LastUpgradeCheck = 1340;
				TargetAttributes = {
					EA93326B28DAB3C000E359E9 = {
						CreatedOnToolsVersion = 13.4.1;
					};
					EA93328028DAB3C100E359E9 = {
						CreatedOnToolsVersion = 13.4.1;
						TestTargetID = EA93326B28DAB3C000E359E9;
					};
					EA93328A28DAB3C100E359E9 = {
						CreatedOnToolsVersion = 13.4.1;
						TestTargetID = EA93326B28DAB3C000E359E9;
					};
				};
			};
			buildConfigurationList = EA93326728DAB3C000E359E9 /* Build configuration list for PBXProject "InfoDay" */;
			compatibilityVersion = "Xcode 13.0";
			developmentRegion = en;
			hasScannedForEncodings = 0;
			knownRegions = (
				en,
				Base,
			);
			mainGroup = EA93326328DAB3C000E359E9;
			productRefGroup = EA93326D28DAB3C000E359E9 /* Products */;
			projectDirPath = "";
			projectRoot = "";
			targets = (
				EA93326B28DAB3C000E359E9 /* InfoDay */,
				EA93328028DAB3C100E359E9 /* InfoDayTests */,
				EA93328A28DAB3C100E359E9 /* InfoDayUITests */,
			);
		};
/* End PBXProject section */

/* Begin PBXResourcesBuildPhase section */
		EA93326A28DAB3C000E359E9 /* Resources */ = {
			isa = PBXResourcesBuildPhase;
			buildActionMask = 2147483647;
			files = (
				EA93327728DAB3C100E359E9 /* Preview Assets.xcassets in Resources */,
				EA93327428DAB3C100E359E9 /* Assets.xcassets in Resources */,
			);
			runOnlyForDeploymentPostprocessing = 0;
		};
		EA93327F28DAB3C100E359E9 /* Resources */ = {
			isa = PBXResourcesBuildPhase;
			buildActionMask = 2147483647;
			files = (
			);
			runOnlyForDeploymentPostprocessing = 0;
		};
		EA93328928DAB3C100E359E9 /* Resources */ = {
			isa = PBXResourcesBuildPhase;
			buildActionMask = 2147483647;
			files = (
			);
			runOnlyForDeploymentPostprocessing = 0;
		};
/* End PBXResourcesBuildPhase section */

/* Begin PBXSourcesBuildPhase section */
		EA93326828DAB3C000E359E9 /* Sources */ = {
			isa = PBXSourcesBuildPhase;
			buildActionMask = 2147483647;
			files = (
				EA93327928DAB3C100E359E9 /* Persistence.swift in Sources */,
				EA93327228DAB3C000E359E9 /* ContentView.swift in Sources */,
				EA93327C28DAB3C100E359E9 /* InfoDay.xcdatamodeld in Sources */,
				EA93327028DAB3C000E359E9 /* InfoDayApp.swift in Sources */,
			);
			runOnlyForDeploymentPostprocessing = 0;
		};
		EA93327D28DAB3C100E359E9 /* Sources */ = {
			isa = PBXSourcesBuildPhase;
			buildActionMask = 2147483647;
			files = (
				EA93328628DAB3C100E359E9 /* InfoDayTests.swift in Sources */,
			);
			runOnlyForDeploymentPostprocessing = 0;
		};
		EA93328728DAB3C100E359E9 /* Sources */ = {
			isa = PBXSourcesBuildPhase;
			buildActionMask = 2147483647;
			files = (
				EA93329028DAB3C100E359E9 /* InfoDayUITests.swift in Sources */,
				EA93329228DAB3C100E359E9 /* InfoDayUITestsLaunchTests.swift in Sources */,
			);
			runOnlyForDeploymentPostprocessing = 0;
		};
/* End PBXSourcesBuildPhase section */

/* Begin PBXTargetDependency section */
		EA93328328DAB3C100E359E9 /* PBXTargetDependency */ = {
			isa = PBXTargetDependency;
			target = EA93326B28DAB3C000E359E9 /* InfoDay */;
			targetProxy = EA93328228DAB3C100E359E9 /* PBXContainerItemProxy */;
		};
		EA93328D28DAB3C100E359E9 /* PBXTargetDependency */ = {
			isa = PBXTargetDependency;
			target = EA93326B28DAB3C000E359E9 /* InfoDay */;
			targetProxy = EA93328C28DAB3C100E359E9 /* PBXContainerItemProxy */;
		};
/* End PBXTargetDependency section */

/* Begin XCBuildConfiguration section */
		EA93329328DAB3C100E359E9 /* Debug */ = {
			isa = XCBuildConfiguration;
			buildSettings = {
				ALWAYS_SEARCH_USER_PATHS = NO;
				CLANG_ANALYZER_NONNULL = YES;
				CLANG_ANALYZER_NUMBER_OBJECT_CONVERSION = YES_AGGRESSIVE;
				CLANG_CXX_LANGUAGE_STANDARD = "gnu++17";
				CLANG_ENABLE_MODULES = YES;
				CLANG_ENABLE_OBJC_ARC = YES;
				CLANG_ENABLE_OBJC_WEAK = YES;
				CLANG_WARN_BLOCK_CAPTURE_AUTORELEASING = YES;
				CLANG_WARN_BOOL_CONVERSION = YES;
				CLANG_WARN_COMMA = YES;
				CLANG_WARN_CONSTANT_CONVERSION = YES;
				CLANG_WARN_DEPRECATED_OBJC_IMPLEMENTATIONS = YES;
				CLANG_WARN_DIRECT_OBJC_ISA_USAGE = YES_ERROR;
				CLANG_WARN_DOCUMENTATION_COMMENTS = YES;
				CLANG_WARN_EMPTY_BODY = YES;
				CLANG_WARN_ENUM_CONVERSION = YES;
				CLANG_WARN_INFINITE_RECURSION = YES;
				CLANG_WARN_INT_CONVERSION = YES;
				CLANG_WARN_NON_LITERAL_NULL_CONVERSION = YES;
				CLANG_WARN_OBJC_IMPLICIT_RETAIN_SELF = YES;
				CLANG_WARN_OBJC_LITERAL_CONVERSION = YES;
				CLANG_WARN_OBJC_ROOT_CLASS = YES_ERROR;
				CLANG_WARN_QUOTED_INCLUDE_IN_FRAMEWORK_HEADER = YES;
				CLANG_WARN_RANGE_LOOP_ANALYSIS = YES;
				CLANG_WARN_STRICT_PROTOTYPES = YES;
				CLANG_WARN_SUSPICIOUS_MOVE = YES;
				CLANG_WARN_UNGUARDED_AVAILABILITY = YES_AGGRESSIVE;
				CLANG_WARN_UNREACHABLE_CODE = YES;
				CLANG_WARN__DUPLICATE_METHOD_MATCH = YES;
				COPY_PHASE_STRIP = NO;
				DEBUG_INFORMATION_FORMAT = dwarf;
				ENABLE_STRICT_OBJC_MSGSEND = YES;
				ENABLE_TESTABILITY = YES;
				GCC_C_LANGUAGE_STANDARD = gnu11;
				GCC_DYNAMIC_NO_PIC = NO;
				GCC_NO_COMMON_BLOCKS = YES;
				GCC_OPTIMIZATION_LEVEL = 0;
				GCC_PREPROCESSOR_DEFINITIONS = (
					"DEBUG=1",
					"$(inherited)",
				);
				GCC_WARN_64_TO_32_BIT_CONVERSION = YES;
				GCC_WARN_ABOUT_RETURN_TYPE = YES_ERROR;
				GCC_WARN_UNDECLARED_SELECTOR = YES;
				GCC_WARN_UNINITIALIZED_AUTOS = YES_AGGRESSIVE;
				GCC_WARN_UNUSED_FUNCTION = YES;
				GCC_WARN_UNUSED_VARIABLE = YES;
				IPHONEOS_DEPLOYMENT_TARGET = 15.5;
				MTL_ENABLE_DEBUG_INFO = INCLUDE_SOURCE;
				MTL_FAST_MATH = YES;
				ONLY_ACTIVE_ARCH = YES;
				SDKROOT = iphoneos;
				SWIFT_ACTIVE_COMPILATION_CONDITIONS = DEBUG;
				SWIFT_OPTIMIZATION_LEVEL = "-Onone";
			};
			name = Debug;
		};
		EA93329428DAB3C100E359E9 /* Release */ = {
			isa = XCBuildConfiguration;
			buildSettings = {
				ALWAYS_SEARCH_USER_PATHS = NO;
				CLANG_ANALYZER_NONNULL = YES;
				CLANG_ANALYZER_NUMBER_OBJECT_CONVERSION = YES_AGGRESSIVE;
				CLANG_CXX_LANGUAGE_STANDARD = "gnu++17";
				CLANG_ENABLE_MODULES = YES;
				CLANG_ENABLE_OBJC_ARC = YES;
				CLANG_ENABLE_OBJC_WEAK = YES;
				CLANG_WARN_BLOCK_CAPTURE_AUTORELEASING = YES;
				CLANG_WARN_BOOL_CONVERSION = YES;
				CLANG_WARN_COMMA = YES;
				CLANG_WARN_CONSTANT_CONVERSION = YES;
				CLANG_WARN_DEPRECATED_OBJC_IMPLEMENTATIONS = YES;
				CLANG_WARN_DIRECT_OBJC_ISA_USAGE = YES_ERROR;
				CLANG_WARN_DOCUMENTATION_COMMENTS = YES;
				CLANG_WARN_EMPTY_BODY = YES;
				CLANG_WARN_ENUM_CONVERSION = YES;
				CLANG_WARN_INFINITE_RECURSION = YES;
				CLANG_WARN_INT_CONVERSION = YES;
				CLANG_WARN_NON_LITERAL_NULL_CONVERSION = YES;
				CLANG_WARN_OBJC_IMPLICIT_RETAIN_SELF = YES;
				CLANG_WARN_OBJC_LITERAL_CONVERSION = YES;
				CLANG_WARN_OBJC_ROOT_CLASS = YES_ERROR;
				CLANG_WARN_QUOTED_INCLUDE_IN_FRAMEWORK_HEADER = YES;
				CLANG_WARN_RANGE_LOOP_ANALYSIS = YES;
				CLANG_WARN_STRICT_PROTOTYPES = YES;
				CLANG_WARN_SUSPICIOUS_MOVE = YES;
				CLANG_WARN_UNGUARDED_AVAILABILITY = YES_AGGRESSIVE;
				CLANG_WARN_UNREACHABLE_CODE = YES;
				CLANG_WARN__DUPLICATE_METHOD_MATCH = YES;
				COPY_PHASE_STRIP = NO;
				DEBUG_INFORMATION_FORMAT = "dwarf-with-dsym";
				ENABLE_NS_ASSERTIONS = NO;
				ENABLE_STRICT_OBJC_MSGSEND = YES;
				GCC_C_LANGUAGE_STANDARD = gnu11;
				GCC_NO_COMMON_BLOCKS = YES;
				GCC_WARN_64_TO_32_BIT_CONVERSION = YES;
				GCC_WARN_ABOUT_RETURN_TYPE = YES_ERROR;
				GCC_WARN_UNDECLARED_SELECTOR = YES;
				GCC_WARN_UNINITIALIZED_AUTOS = YES_AGGRESSIVE;
				GCC_WARN_UNUSED_FUNCTION = YES;
				GCC_WARN_UNUSED_VARIABLE = YES;
				IPHONEOS_DEPLOYMENT_TARGET = 15.5;
				MTL_ENABLE_DEBUG_INFO = NO;
				MTL_FAST_MATH = YES;
				SDKROOT = iphoneos;
				SWIFT_COMPILATION_MODE = wholemodule;
				SWIFT_OPTIMIZATION_LEVEL = "-O";
				VALIDATE_PRODUCT = YES;
			};
			name = Release;
		};
		EA93329628DAB3C100E359E9 /* Debug */ = {
			isa = XCBuildConfiguration;
			buildSettings = {
				ASSETCATALOG_COMPILER_APPICON_NAME = AppIcon;
				ASSETCATALOG_COMPILER_GLOBAL_ACCENT_COLOR_NAME = AccentColor;
				CODE_SIGN_STYLE = Automatic;
				CURRENT_PROJECT_VERSION = 1;
				DEVELOPMENT_ASSET_PATHS = "\"InfoDay/Preview Content\"";
				ENABLE_PREVIEWS = YES;
				GENERATE_INFOPLIST_FILE = YES;
				INFOPLIST_KEY_UIApplicationSceneManifest_Generation = YES;
				INFOPLIST_KEY_UIApplicationSupportsIndirectInputEvents = YES;
				INFOPLIST_KEY_UILaunchScreen_Generation = YES;
				INFOPLIST_KEY_UISupportedInterfaceOrientations_iPad = "UIInterfaceOrientationPortrait UIInterfaceOrientationPortraitUpsideDown UIInterfaceOrientationLandscapeLeft UIInterfaceOrientationLandscapeRight";
				INFOPLIST_KEY_UISupportedInterfaceOrientations_iPhone = "UIInterfaceOrientationPortrait UIInterfaceOrientationLandscapeLeft UIInterfaceOrientationLandscapeRight";
				LD_RUNPATH_SEARCH_PATHS = (
					"$(inherited)",
					"@executable_path/Frameworks",
				);
				MARKETING_VERSION = 1.0;
				PRODUCT_BUNDLE_IDENTIFIER = atomzz.InfoDay;
				PRODUCT_NAME = "$(TARGET_NAME)";
				SWIFT_EMIT_LOC_STRINGS = YES;
				SWIFT_VERSION = 5.0;
				TARGETED_DEVICE_FAMILY = "1,2";
			};
			name = Debug;
		};
		EA93329728DAB3C100E359E9 /* Release */ = {
			isa = XCBuildConfiguration;
			buildSettings = {
				ASSETCATALOG_COMPILER_APPICON_NAME = AppIcon;
				ASSETCATALOG_COMPILER_GLOBAL_ACCENT_COLOR_NAME = AccentColor;
				CODE_SIGN_STYLE = Automatic;
				CURRENT_PROJECT_VERSION = 1;
				DEVELOPMENT_ASSET_PATHS = "\"InfoDay/Preview Content\"";
				ENABLE_PREVIEWS = YES;
				GENERATE_INFOPLIST_FILE = YES;
				INFOPLIST_KEY_UIApplicationSceneManifest_Generation = YES;
				INFOPLIST_KEY_UIApplicationSupportsIndirectInputEvents = YES;
				INFOPLIST_KEY_UILaunchScreen_Generation = YES;
				INFOPLIST_KEY_UISupportedInterfaceOrientations_iPad = "UIInterfaceOrientationPortrait UIInterfaceOrientationPortraitUpsideDown UIInterfaceOrientationLandscapeLeft UIInterfaceOrientationLandscapeRight";
				INFOPLIST_KEY_UISupportedInterfaceOrientations_iPhone = "UIInterfaceOrientationPortrait UIInterfaceOrientationLandscapeLeft UIInterfaceOrientationLandscapeRight";
				LD_RUNPATH_SEARCH_PATHS = (
					"$(inherited)",
					"@executable_path/Frameworks",
				);
				MARKETING_VERSION = 1.0;
				PRODUCT_BUNDLE_IDENTIFIER = atomzz.InfoDay;
				PRODUCT_NAME = "$(TARGET_NAME)";
				SWIFT_EMIT_LOC_STRINGS = YES;
				SWIFT_VERSION = 5.0;
				TARGETED_DEVICE_FAMILY = "1,2";
			};
			name = Release;
		};
		EA93329928DAB3C100E359E9 /* Debug */ = {
			isa = XCBuildConfiguration;
			buildSettings = {
				ALWAYS_EMBED_SWIFT_STANDARD_LIBRARIES = YES;
				BUNDLE_LOADER = "$(TEST_HOST)";
				CODE_SIGN_STYLE = Automatic;
				CURRENT_PROJECT_VERSION = 1;
				GENERATE_INFOPLIST_FILE = YES;
				IPHONEOS_DEPLOYMENT_TARGET = 15.5;
				MARKETING_VERSION = 1.0;
				PRODUCT_BUNDLE_IDENTIFIER = atomzz.InfoDayTests;
				PRODUCT_NAME = "$(TARGET_NAME)";
				SWIFT_EMIT_LOC_STRINGS = NO;
				SWIFT_VERSION = 5.0;
				TARGETED_DEVICE_FAMILY = "1,2";
				TEST_HOST = "$(BUILT_PRODUCTS_DIR)/InfoDay.app/InfoDay";
			};
			name = Debug;
		};
		EA93329A28DAB3C100E359E9 /* Release */ = {
			isa = XCBuildConfiguration;
			buildSettings = {
				ALWAYS_EMBED_SWIFT_STANDARD_LIBRARIES = YES;
				BUNDLE_LOADER = "$(TEST_HOST)";
				CODE_SIGN_STYLE = Automatic;
				CURRENT_PROJECT_VERSION = 1;
				GENERATE_INFOPLIST_FILE = YES;
				IPHONEOS_DEPLOYMENT_TARGET = 15.5;
				MARKETING_VERSION = 1.0;
				PRODUCT_BUNDLE_IDENTIFIER = atomzz.InfoDayTests;
				PRODUCT_NAME = "$(TARGET_NAME)";
				SWIFT_EMIT_LOC_STRINGS = NO;
				SWIFT_VERSION = 5.0;
				TARGETED_DEVICE_FAMILY = "1,2";
				TEST_HOST = "$(BUILT_PRODUCTS_DIR)/InfoDay.app/InfoDay";
			};
			name = Release;
		};
		EA93329C28DAB3C100E359E9 /* Debug */ = {
			isa = XCBuildConfiguration;
			buildSettings = {
				ALWAYS_EMBED_SWIFT_STANDARD_LIBRARIES = YES;
				CODE_SIGN_STYLE = Automatic;
				CURRENT_PROJECT_VERSION = 1;
				GENERATE_INFOPLIST_FILE = YES;
				MARKETING_VERSION = 1.0;
				PRODUCT_BUNDLE_IDENTIFIER = atomzz.InfoDayUITests;
				PRODUCT_NAME = "$(TARGET_NAME)";
				SWIFT_EMIT_LOC_STRINGS = NO;
				SWIFT_VERSION = 5.0;
				TARGETED_DEVICE_FAMILY = "1,2";
				TEST_TARGET_NAME = InfoDay;
			};
			name = Debug;
		};
		EA93329D28DAB3C100E359E9 /* Release */ = {
			isa = XCBuildConfiguration;
			buildSettings = {
				ALWAYS_EMBED_SWIFT_STANDARD_LIBRARIES = YES;
				CODE_SIGN_STYLE = Automatic;
				CURRENT_PROJECT_VERSION = 1;
				GENERATE_INFOPLIST_FILE = YES;
				MARKETING_VERSION = 1.0;
				PRODUCT_BUNDLE_IDENTIFIER = atomzz.InfoDayUITests;
				PRODUCT_NAME = "$(TARGET_NAME)";
				SWIFT_EMIT_LOC_STRINGS = NO;
				SWIFT_VERSION = 5.0;
				TARGETED_DEVICE_FAMILY = "1,2";
				TEST_TARGET_NAME = InfoDay;
			};
			name = Release;
		};
/* End XCBuildConfiguration section */

/* Begin XCConfigurationList section */
		EA93326728DAB3C000E359E9 /* Build configuration list for PBXProject "InfoDay" */ = {
			isa = XCConfigurationList;
			buildConfigurations = (
				EA93329328DAB3C100E359E9 /* Debug */,
				EA93329428DAB3C100E359E9 /* Release */,
			);
			defaultConfigurationIsVisible = 0;
			defaultConfigurationName = Release;
		};
		EA93329528DAB3C100E359E9 /* Build configuration list for PBXNativeTarget "InfoDay" */ = {
			isa = XCConfigurationList;
			buildConfigurations = (
				EA93329628DAB3C100E359E9 /* Debug */,
				EA93329728DAB3C100E359E9 /* Release */,
			);
			defaultConfigurationIsVisible = 0;
			defaultConfigurationName = Release;
		};
		EA93329828DAB3C100E359E9 /* Build configuration list for PBXNativeTarget "InfoDayTests" */ = {
			isa = XCConfigurationList;
			buildConfigurations = (
				EA93329928DAB3C100E359E9 /* Debug */,
				EA93329A28DAB3C100E359E9 /* Release */,
			);
			defaultConfigurationIsVisible = 0;
			defaultConfigurationName = Release;
		};
		EA93329B28DAB3C100E359E9 /* Build configuration list for PBXNativeTarget "InfoDayUITests" */ = {
			isa = XCConfigurationList;
			buildConfigurations = (
				EA93329C28DAB3C100E359E9 /* Debug */,
				EA93329D28DAB3C100E359E9 /* Release */,
			);
			defaultConfigurationIsVisible = 0;
			defaultConfigurationName = Release;
		};
/* End XCConfigurationList section */

/* Begin XCVersionGroup section */
		EA93327A28DAB3C100E359E9 /* InfoDay.xcdatamodeld */ = {
			isa = XCVersionGroup;
			children = (
				EA93327B28DAB3C100E359E9 /* InfoDay.xcdatamodel */,
			);
			currentVersion = EA93327B28DAB3C100E359E9 /* InfoDay.xcdatamodel */;
			path = InfoDay.xcdatamodeld;
			sourceTree = "<group>";
			versionGroupType = wrapper.xcdatamodel;
		};
/* End XCVersionGroup section */
	};
	rootObject = EA93326428DAB3C000E359E9 /* Project object */;
}
